{
  "nodes": {
    "fywion": {
      "inputs": {
        "nixpkgs": [
          "nixpkgs"
        ]
      },
      "locked": {
        "lastModified": 1778588401,
        "narHash": "sha256-GLZ0MOKOnJgbeGLo6GW9o2x4rtWpJFumJe3w3Ljl2C4=",
        "owner": "anturated",
        "repo": "fywion",
        "rev": "519c95b67b84d2002baf3c2ed0a7dedeb7c7d017",
        "type": "github"
      },
      "original": {
        "owner": "anturated",
        "repo": "fywion",
        "type": "github"
      }
    },
    "home-manager": {
      "inputs": {
        "nixpkgs": [
          "nixpkgs"
        ]
      },
      "locked": {
        "lastModified": 1778365864,
        "narHash": "sha256-ImoT/wqmgMImf2dAC+E0MverAdA4QXsedOeES9B7Ezw=",
        "owner": "nix-community",
        "repo": "home-manager",
        "rev": "2f419037039a152448c5f4ae9494154753d1b399",
        "type": "github"
      },
      "original": {
        "owner": "nix-community",
        "repo": "home-manager",
        "type": "github"
      }
    },
    "nix-index-database": {
      "inputs": {
        "nixpkgs": [
          "nixpkgs"
        ]
      },
      "locked": {
        "lastModified": 1778393439,
        "narHash": "sha256-mOtQxUjtKaPHLeoLOY/YEDctmud1X9KwJr4kE1MJ3Wc=",
        "owner": "nix-community",
        "repo": "nix-index-database",
        "rev": "01466c414c7357ae2ce32be4a272a7c69e94ab5f",
        "type": "github"
      },
      "original": {
        "owner": "nix-community",
        "repo": "nix-index-database",
        "type": "github"
      }
    },
    "nixpkgs": {
      "locked": {
        "lastModified": 1777954456,
        "narHash": "sha256-hGdgeU2Nk87RAuZyYjyDjFL6LK7dAZN5RE9+hrDTkDU=",
        "owner": "NixOS",
        "repo": "nixpkgs",
        "rev": "549bd84d6279f9852cae6225e372cc67fb91a4c1",
        "type": "github"
      },
      "original": {
        "owner": "NixOS",
        "ref": "nixos-unstable",
        "repo": "nixpkgs",
        "type": "github"
      }
    },
    "nixpkgs-stable": {
      "locked": {
        "lastModified": 1778003029,
        "narHash": "sha256-q/nkKLDtHIyLjZpKhWk3cSK5IYsFqtMd6UtXF3ddjgA=",
        "owner": "NixOS",
        "repo": "nixpkgs",
        "rev": "0c88e1f2bdb93d5999019e99cb0e61e1fe2af4c5",
        "type": "github"
      },
      "original": {
        "owner": "NixOS",
        "ref": "nixos-25.11",
        "repo": "nixpkgs",
        "type": "github"
      }
    },
    "root": {
      "inputs": {
        "fywion": "fywion",
        "home-manager": "home-manager",
        "nix-index-database": "nix-index-database",
        "nixpkgs": "nixpkgs",
        "nixpkgs-stable": "nixpkgs-stable",
        "simple-nixos-mailserver": "simple-nixos-mailserver",
        "sops": "sops",
        "spicetify": "spicetify"
      }
    },
    "simple-nixos-mailserver": {
      "inputs": {
        "blobs": [],
        "flake-compat": [],
        "git-hooks": [],
        "nixpkgs": [
          "nixpkgs"
        ]
      },
      "locked": {
        "lastModified": 1777287493,
        "narHash": "sha256-Fj7S91TuZm6+DG/v6SFme/p+sWrYMQICGX6yQ5KD43Q=",
        "owner": "simple-nixos-mailserver",
        "repo": "nixos-mailserver",
        "rev": "e33fbde199eaad513ef5d0746db19d5878150232",
        "type": "gitlab"
      },
      "original": {
        "owner": "simple-nixos-mailserver",
        "repo": "nixos-mailserver",
        "type": "gitlab"
      }
    },
    "sops": {
      "inputs": {
        "nixpkgs": [
          "nixpkgs"
        ]
      },
      "locked": {
        "lastModified": 1776230713,
        "narHash": "sha256-8Rv4J8M09NPJcq4pYfMyi0ibJJQD7/JzKjAqSp2LjZw=",
        "owner": "Mic92",
        "repo": "sops-nix",
        "rev": "105ff9ba631f5e7ee75aac03df941981312d917e",
        "type": "github"
      },
      "original": {
        "owner": "Mic92",
        "ref": "pull/779/merge",
        "repo": "sops-nix",
        "type": "github"
      }
    },
    "spicetify": {
      "inputs": {
        "nixpkgs": [
          "nixpkgs"
        ],
        "systems": "systems"
      },
      "locked": {
        "lastModified": 1778395012,
        "narHash": "sha256-A/VRiNFQIwGp8cOC/8yNCRexFHjtFCzBwhajrkyGojo=",
        "owner": "Gerg-L",
        "repo": "spicetify-nix",
        "rev": "3b4991bfc064c3361957f23141351ae2d9833234",
        "type": "github"
      },
      "original": {
        "owner": "Gerg-L",
        "repo": "spicetify-nix",
        "type": "github"
      }
    },
    "systems": {
      "locked": {
        "lastModified": 1681028828,
        "narHash": "sha256-Vy1rq5AaRuLzOxct8nz4T6wlgyUR7zLU309k9mBC768=",
        "owner": "nix-systems",
        "repo": "default",
        "rev": "da67096a3b9bf56a91d16901293e51ba5b49a27e",
        "type": "github"
      },
      "original": {
        "owner": "nix-systems",
        "repo": "default",
        "type": "github"
      }
    }
  },
  "root": "root",
  "version": 7
}
